// !$*UTF8*$!
{
	archiveVersion = 1;
	classes = {
	};
	objectVersion = 46;
	objects = {

/* Begin PBXBuildFile section */
		0D155E3E1A7A11220084BFD2 /* main.cpp in Sources */ = {isa = PBXBuildFile; fileRef = 0D155E3D1A7A11220084BFD2 /* main.cpp */; };
		C5B487561A8F22AA006A9F60 /* Exception.cpp in Sources */ = {isa = PBXBuildFile; fileRef = C5B487541A8F22AA006A9F60 /* Exception.cpp */; };
		C5F0B2B81A7C6CD70085FECE /* Matrix.cpp in Sources */ = {isa = PBXBuildFile; fileRef = C5F0B2B41A7C6CD70085FECE /* Matrix.cpp */; };
		C5F0B2B91A7C6CD70085FECE /* Vector.cpp in Sources */ = {isa = PBXBuildFile; fileRef = C5F0B2B61A7C6CD70085FECE /* Vector.cpp */; };
		C5F0B2BC1A7C6CE40085FECE /* LinearSystem.cpp in Sources */ = {isa = PBXBuildFile; fileRef = C5F0B2BA1A7C6CE40085FECE /* LinearSystem.cpp */; };
/* End PBXBuildFile section */

/* Begin PBXCopyFilesBuildPhase section */
		0D155E381A7A11220084BFD2 /* CopyFiles */ = {
			isa = PBXCopyFilesBuildPhase;
			buildActionMask = 2147483647;
			dstPath = /usr/share/man/man1/;
			dstSubfolderSpec = 0;
			files = (
			);
			runOnlyForDeploymentPostprocessing = 1;
		};
/* End PBXCopyFilesBuildPhase section */

/* Begin PBXFileReference section */
		0D155E3A1A7A11220084BFD2 /* practice_2 */ = {isa = PBXFileReference; explicitFileType = "compiled.mach-o.executable"; includeInIndex = 0; path = practice_2; sourceTree = BUILT_PRODUCTS_DIR; };
		0D155E3D1A7A11220084BFD2 /* main.cpp */ = {isa = PBXFileReference; lastKnownFileType = sourcecode.cpp.cpp; path = main.cpp; sourceTree = "<group>"; };
		C5B487531A8F2254006A9F60 /* Exception.hpp */ = {isa = PBXFileReference; lastKnownFileType = sourcecode.cpp.h; path = Exception.hpp; sourceTree = "<group>"; };
		C5B487541A8F22AA006A9F60 /* Exception.cpp */ = {isa = PBXFileReference; fileEncoding = 4; lastKnownFileType = sourcecode.cpp.cpp; path = Exception.cpp; sourceTree = "<group>"; };
		C5F0B2B41A7C6CD70085FECE /* Matrix.cpp */ = {isa = PBXFileReference; fileEncoding = 4; lastKnownFileType = sourcecode.cpp.cpp; path = Matrix.cpp; sourceTree = "<group>"; };
		C5F0B2B51A7C6CD70085FECE /* Matrix.hpp */ = {isa = PBXFileReference; fileEncoding = 4; lastKnownFileType = sourcecode.cpp.h; path = Matrix.hpp; sourceTree = "<group>"; };
		C5F0B2B61A7C6CD70085FECE /* Vector.cpp */ = {isa = PBXFileReference; fileEncoding = 4; lastKnownFileType = sourcecode.cpp.cpp; path = Vector.cpp; sourceTree = "<group>"; };
		C5F0B2B71A7C6CD70085FECE /* Vector.hpp */ = {isa = PBXFileReference; fileEncoding = 4; lastKnownFileType = sourcecode.cpp.h; path = Vector.hpp; sourceTree = "<group>"; };
		C5F0B2BA1A7C6CE40085FECE /* LinearSystem.cpp */ = {isa = PBXFileReference; fileEncoding = 4; lastKnownFileType = sourcecode.cpp.cpp; path = LinearSystem.cpp; sourceTree = "<group>"; };
		C5F0B2BB1A7C6CE40085FECE /* LinearSystem.hpp */ = {isa = PBXFileReference; fileEncoding = 4; lastKnownFileType = sourcecode.cpp.h; path = LinearSystem.hpp; sourceTree = "<group>"; };
/* End PBXFileReference section */

/* Begin PBXFrameworksBuildPhase section */
		0D155E371A7A11220084BFD2 /* Frameworks */ = {
			isa = PBXFrameworksBuildPhase;
			buildActionMask = 2147483647;
			files = (
			);
			runOnlyForDeploymentPostprocessing = 0;
		};
/* End PBXFrameworksBuildPhase section */

/* Begin PBXGroup section */
		0D155E311A7A11220084BFD2 = {
			isa = PBXGroup;
			children = (
				0D155E3C1A7A11220084BFD2 /* practice_2 */,
				0D155E3B1A7A11220084BFD2 /* Products */,
			);
			sourceTree = "<group>";
		};
		0D155E3B1A7A11220084BFD2 /* Products */ = {
			isa = PBXGroup;
			children = (
				0D155E3A1A7A11220084BFD2 /* practice_2 */,
			);
			name = Products;
			sourceTree = "<group>";
		};
		0D155E3C1A7A11220084BFD2 /* practice_2 */ = {
			isa = PBXGroup;
			children = (
				0D155E3D1A7A11220084BFD2 /* main.cpp */,
				C5F0B2B41A7C6CD70085FECE /* Matrix.cpp */,
				C5F0B2B51A7C6CD70085FECE /* Matrix.hpp */,
				C5F0B2BA1A7C6CE40085FECE /* LinearSystem.cpp */,
				C5F0B2BB1A7C6CE40085FECE /* LinearSystem.hpp */,
				C5B487541A8F22AA006A9F60 /* Exception.cpp */,
				C5B487531A8F2254006A9F60 /* Exception.hpp */,
				C5F0B2B61A7C6CD70085FECE /* Vector.cpp */,
				C5F0B2B71A7C6CD70085FECE /* Vector.hpp */,
			);
			path = practice_2;
			sourceTree = "<group>";
		};
/* End PBXGroup section */

/* Begin PBXNativeTarget section */
		0D155E391A7A11220084BFD2 /* practice_2 */ = {
			isa = PBXNativeTarget;
			buildConfigurationList = 0D155E411A7A11220084BFD2 /* Build configuration list for PBXNativeTarget "practice_2" */;
			buildPhases = (
				0D155E361A7A11220084BFD2 /* Sources */,
				0D155E371A7A11220084BFD2 /* Frameworks */,
				0D155E381A7A11220084BFD2 /* CopyFiles */,
			);
			buildRules = (
			);
			dependencies = (
			);
			name = practice_2;
			productName = practice_2;
			productReference = 0D155E3A1A7A11220084BFD2 /* practice_2 */;
			productType = "com.apple.product-type.tool";
		};
/* End PBXNativeTarget section */

/* Begin PBXProject section */
		0D155E321A7A11220084BFD2 /* Project object */ = {
			isa = PBXProject;
			attributes = {
				LastUpgradeCheck = 0610;
				ORGANIZATIONNAME = "Luke Lloyd-Jones";
				TargetAttributes = {
					0D155E391A7A11220084BFD2 = {
						CreatedOnToolsVersion = 6.1.1;
					};
				};
			};
			buildConfigurationList = 0D155E351A7A11220084BFD2 /* Build configuration list for PBXProject "practice_2" */;
			compatibilityVersion = "Xcode 3.2";
			developmentRegion = English;
			hasScannedForEncodings = 0;
			knownRegions = (
				en,
			);
			mainGroup = 0D155E311A7A11220084BFD2;
			productRefGroup = 0D155E3B1A7A11220084BFD2 /* Products */;
			projectDirPath = "";
			projectRoot = "";
			targets = (
				0D155E391A7A11220084BFD2 /* practice_2 */,
			);
		};
/* End PBXProject section */

/* Begin PBXSourcesBuildPhase section */
		0D155E361A7A11220084BFD2 /* Sources */ = {
			isa = PBXSourcesBuildPhase;
			buildActionMask = 2147483647;
			files = (
				C5F0B2B81A7C6CD70085FECE /* Matrix.cpp in Sources */,
				C5F0B2BC1A7C6CE40085FECE /* LinearSystem.cpp in Sources */,
				C5F0B2B91A7C6CD70085FECE /* Vector.cpp in Sources */,
				C5B487561A8F22AA006A9F60 /* Exception.cpp in Sources */,
				0D155E3E1A7A11220084BFD2 /* main.cpp in Sources */,
			);
			runOnlyForDeploymentPostprocessing = 0;
		};
/* End PBXSourcesBuildPhase section */

/* Begin XCBuildConfiguration section */
		0D155E3F1A7A11220084BFD2 /* Debug */ = {
			isa = XCBuildConfiguration;
			buildSettings = {
				ALWAYS_SEARCH_USER_PATHS = NO;
				CLANG_CXX_LANGUAGE_STANDARD = "gnu++0x";
				CLANG_CXX_LIBRARY = "libc++";
				CLANG_ENABLE_MODULES = YES;
				CLANG_ENABLE_OBJC_ARC = YES;
				CLANG_WARN_BOOL_CONVERSION = YES;
				CLANG_WARN_CONSTANT_CONVERSION = YES;
				CLANG_WARN_DIRECT_OBJC_ISA_USAGE = YES_ERROR;
				CLANG_WARN_EMPTY_BODY = YES;
				CLANG_WARN_ENUM_CONVERSION = YES;
				CLANG_WARN_INT_CONVERSION = YES;
				CLANG_WARN_OBJC_ROOT_CLASS = YES_ERROR;
				CLANG_WARN_UNREACHABLE_CODE = YES;
				CLANG_WARN__DUPLICATE_METHOD_MATCH = YES;
				COPY_PHASE_STRIP = NO;
				ENABLE_STRICT_OBJC_MSGSEND = YES;
				GCC_C_LANGUAGE_STANDARD = gnu99;
				GCC_DYNAMIC_NO_PIC = NO;
				GCC_OPTIMIZATION_LEVEL = 0;
				GCC_PREPROCESSOR_DEFINITIONS = (
					"DEBUG=1",
					"$(inherited)",
				);
				GCC_SYMBOLS_PRIVATE_EXTERN = NO;
				GCC_WARN_64_TO_32_BIT_CONVERSION = YES;
				GCC_WARN_ABOUT_RETURN_TYPE = YES_ERROR;
				GCC_WARN_UNDECLARED_SELECTOR = YES;
				GCC_WARN_UNINITIALIZED_AUTOS = YES_AGGRESSIVE;
				GCC_WARN_UNUSED_FUNCTION = YES;
				GCC_WARN_UNUSED_VARIABLE = YES;
				MACOSX_DEPLOYMENT_TARGET = 10.9;
				MTL_ENABLE_DEBUG_INFO = YES;
				ONLY_ACTIVE_ARCH = YES;
				SDKROOT = macosx;
			};
			name = Debug;
		};
		0D155E401A7A11220084BFD2 /* Release */ = {
			isa = XCBuildConfiguration;
			buildSettings = {
				ALWAYS_SEARCH_USER_PATHS = NO;
				CLANG_CXX_LANGUAGE_STANDARD = "gnu++0x";
				CLANG_CXX_LIBRARY = "libc++";
				CLANG_ENABLE_MODULES = YES;
				CLANG_ENABLE_OBJC_ARC = YES;
				CLANG_WARN_BOOL_CONVERSION = YES;
				CLANG_WARN_CONSTANT_CONVERSION = YES;
				CLANG_WARN_DIRECT_OBJC_ISA_USAGE = YES_ERROR;
				CLANG_WARN_EMPTY_BODY = YES;
				CLANG_WARN_ENUM_CONVERSION = YES;
				CLANG_WARN_INT_CONVERSION = YES;
				CLANG_WARN_OBJC_ROOT_CLASS = YES_ERROR;
				CLANG_WARN_UNREACHABLE_CODE = YES;
				CLANG_WARN__DUPLICATE_METHOD_MATCH = YES;
				COPY_PHASE_STRIP = YES;
				DEBUG_INFORMATION_FORMAT = "dwarf-with-dsym";
				ENABLE_NS_ASSERTIONS = NO;
				ENABLE_STRICT_OBJC_MSGSEND = YES;
				GCC_C_LANGUAGE_STANDARD = gnu99;
				GCC_WARN_64_TO_32_BIT_CONVERSION = YES;
				GCC_WARN_ABOUT_RETURN_TYPE = YES_ERROR;
				GCC_WARN_UNDECLARED_SELECTOR = YES;
				GCC_WARN_UNINITIALIZED_AUTOS = YES_AGGRESSIVE;
				GCC_WARN_UNUSED_FUNCTION = YES;
				GCC_WARN_UNUSED_VARIABLE = YES;
				MACOSX_DEPLOYMENT_TARGET = 10.9;
				MTL_ENABLE_DEBUG_INFO = NO;
				SDKROOT = macosx;
			};
			name = Release;
		};
		0D155E421A7A11220084BFD2 /* Debug */ = {
			isa = XCBuildConfiguration;
			buildSettings = {
				PRODUCT_NAME = "$(TARGET_NAME)";
			};
			name = Debug;
		};
		0D155E431A7A11220084BFD2 /* Release */ = {
			isa = XCBuildConfiguration;
			buildSettings = {
				PRODUCT_NAME = "$(TARGET_NAME)";
			};
			name = Release;
		};
/* End XCBuildConfiguration section */

/* Begin XCConfigurationList section */
		0D155E351A7A11220084BFD2 /* Build configuration list for PBXProject "practice_2" */ = {
			isa = XCConfigurationList;
			buildConfigurations = (
				0D155E3F1A7A11220084BFD2 /* Debug */,
				0D155E401A7A11220084BFD2 /* Release */,
			);
			defaultConfigurationIsVisible = 0;
			defaultConfigurationName = Release;
		};
		0D155E411A7A11220084BFD2 /* Build configuration list for PBXNativeTarget "practice_2" */ = {
			isa = XCConfigurationList;
			buildConfigurations = (
				0D155E421A7A11220084BFD2 /* Debug */,
				0D155E431A7A11220084BFD2 /* Release */,
			);
			defaultConfigurationIsVisible = 0;
			defaultConfigurationName = Release;
		};
/* End XCConfigurationList section */
	};
	rootObject = 0D155E321A7A11220084BFD2 /* Project object */;
}
